// !$*UTF8*$!
{
	archiveVersion = 1;
	classes = {
	};
	objectVersion = 46;
	objects = {

/* Begin PBXBuildFile section */
		4ABF1D82BADF558F29804B46 /* Pods_NBA.framework in Frameworks */ = {isa = PBXBuildFile; fileRef = 69E0124AE16140D9D91E5095 /* Pods_NBA.framework */; };
		8DEBB6931F52A34F00A33117 /* AppDelegate.swift in Sources */ = {isa = PBXBuildFile; fileRef = 8DEBB6861F52A34F00A33117 /* AppDelegate.swift */; };
		8DEBB6941F52A34F00A33117 /* Assets.xcassets in Resources */ = {isa = PBXBuildFile; fileRef = 8DEBB6871F52A34F00A33117 /* Assets.xcassets */; };
		8DEBB6951F52A34F00A33117 /* LaunchScreen.storyboard in Resources */ = {isa = PBXBuildFile; fileRef = 8DEBB6881F52A34F00A33117 /* LaunchScreen.storyboard */; };
		8DEBB6961F52A34F00A33117 /* Main.storyboard in Resources */ = {isa = PBXBuildFile; fileRef = 8DEBB68A1F52A34F00A33117 /* Main.storyboard */; };
		8DEBB6971F52A34F00A33117 /* Info.plist in Resources */ = {isa = PBXBuildFile; fileRef = 8DEBB68C1F52A34F00A33117 /* Info.plist */; };
		8DEBB6A21F52A38400A33117 /* NBATeamScheduleTableViewController.swift in Sources */ = {isa = PBXBuildFile; fileRef = 8DEBB69A1F52A38400A33117 /* NBATeamScheduleTableViewController.swift */; };
		8DEBB6A31F52A38400A33117 /* NBATeamsTableViewController.swift in Sources */ = {isa = PBXBuildFile; fileRef = 8DEBB69B1F52A38400A33117 /* NBATeamsTableViewController.swift */; };
		8DEBB6A41F52A38400A33117 /* Game.swift in Sources */ = {isa = PBXBuildFile; fileRef = 8DEBB69D1F52A38400A33117 /* Game.swift */; };
		8DEBB6A51F52A38400A33117 /* Team.swift in Sources */ = {isa = PBXBuildFile; fileRef = 8DEBB69E1F52A38400A33117 /* Team.swift */; };
		8DEBB6A61F52A38400A33117 /* GameTableViewCell.swift in Sources */ = {isa = PBXBuildFile; fileRef = 8DEBB6A01F52A38400A33117 /* GameTableViewCell.swift */; };
		8DEBB6A71F52A38400A33117 /* GameTableViewCell.xib in Resources */ = {isa = PBXBuildFile; fileRef = 8DEBB6A11F52A38400A33117 /* GameTableViewCell.xib */; };
		8DEBB6A91F52B27600A33117 /* Team_Logo.json in Resources */ = {isa = PBXBuildFile; fileRef = 8DEBB6A81F52B27600A33117 /* Team_Logo.json */; };
		8DEBB6AE1F52FBB000A33117 /* CKAlertViewController.m in Sources */ = {isa = PBXBuildFile; fileRef = 8DEBB6AD1F52FBB000A33117 /* CKAlertViewController.m */; };
/* End PBXBuildFile section */

/* Begin PBXFileReference section */
		4C4B5F316B506EDEEA193366 /* Pods-NBA.release.xcconfig */ = {isa = PBXFileReference; includeInIndex = 1; lastKnownFileType = text.xcconfig; name = "Pods-NBA.release.xcconfig"; path = "Pods/Target Support Files/Pods-NBA/Pods-NBA.release.xcconfig"; sourceTree = "<group>"; };
		52D0ED7BF6A9EA113F513CFB /* Pods-NBA.debug.xcconfig */ = {isa = PBXFileReference; includeInIndex = 1; lastKnownFileType = text.xcconfig; name = "Pods-NBA.debug.xcconfig"; path = "Pods/Target Support Files/Pods-NBA/Pods-NBA.debug.xcconfig"; sourceTree = "<group>"; };
		69E0124AE16140D9D91E5095 /* Pods_NBA.framework */ = {isa = PBXFileReference; explicitFileType = wrapper.framework; includeInIndex = 0; path = Pods_NBA.framework; sourceTree = BUILT_PRODUCTS_DIR; };
		8DBCA2D31F42D4E800D0B214 /* NBA.app */ = {isa = PBXFileReference; explicitFileType = wrapper.application; includeInIndex = 0; path = NBA.app; sourceTree = BUILT_PRODUCTS_DIR; };
		8DEBB6861F52A34F00A33117 /* AppDelegate.swift */ = {isa = PBXFileReference; fileEncoding = 4; lastKnownFileType = sourcecode.swift; path = AppDelegate.swift; sourceTree = "<group>"; };
		8DEBB6871F52A34F00A33117 /* Assets.xcassets */ = {isa = PBXFileReference; lastKnownFileType = folder.assetcatalog; path = Assets.xcassets; sourceTree = "<group>"; };
		8DEBB6891F52A34F00A33117 /* Base */ = {isa = PBXFileReference; lastKnownFileType = file.storyboard; name = Base; path = Base.lproj/LaunchScreen.storyboard; sourceTree = "<group>"; };
		8DEBB68B1F52A34F00A33117 /* Base */ = {isa = PBXFileReference; lastKnownFileType = file.storyboard; name = Base; path = Base.lproj/Main.storyboard; sourceTree = "<group>"; };
		8DEBB68C1F52A34F00A33117 /* Info.plist */ = {isa = PBXFileReference; fileEncoding = 4; lastKnownFileType = text.plist.xml; path = Info.plist; sourceTree = "<group>"; };
		8DEBB69A1F52A38400A33117 /* NBATeamScheduleTableViewController.swift */ = {isa = PBXFileReference; fileEncoding = 4; lastKnownFileType = sourcecode.swift; path = NBATeamScheduleTableViewController.swift; sourceTree = "<group>"; };
		8DEBB69B1F52A38400A33117 /* NBATeamsTableViewController.swift */ = {isa = PBXFileReference; fileEncoding = 4; lastKnownFileType = sourcecode.swift; path = NBATeamsTableViewController.swift; sourceTree = "<group>"; };
		8DEBB69D1F52A38400A33117 /* Game.swift */ = {isa = PBXFileReference; fileEncoding = 4; lastKnownFileType = sourcecode.swift; path = Game.swift; sourceTree = "<group>"; };
		8DEBB69E1F52A38400A33117 /* Team.swift */ = {isa = PBXFileReference; fileEncoding = 4; lastKnownFileType = sourcecode.swift; path = Team.swift; sourceTree = "<group>"; };
		8DEBB6A01F52A38400A33117 /* GameTableViewCell.swift */ = {isa = PBXFileReference; fileEncoding = 4; lastKnownFileType = sourcecode.swift; path = GameTableViewCell.swift; sourceTree = "<group>"; };
		8DEBB6A11F52A38400A33117 /* GameTableViewCell.xib */ = {isa = PBXFileReference; fileEncoding = 4; lastKnownFileType = file.xib; path = GameTableViewCell.xib; sourceTree = "<group>"; };
		8DEBB6A81F52B27600A33117 /* Team_Logo.json */ = {isa = PBXFileReference; fileEncoding = 4; lastKnownFileType = text.json; path = Team_Logo.json; sourceTree = "<group>"; };
		8DEBB6AC1F52FBB000A33117 /* CKAlertViewController.h */ = {isa = PBXFileReference; fileEncoding = 4; lastKnownFileType = sourcecode.c.h; path = CKAlertViewController.h; sourceTree = "<group>"; };
		8DEBB6AD1F52FBB000A33117 /* CKAlertViewController.m */ = {isa = PBXFileReference; fileEncoding = 4; lastKnownFileType = sourcecode.c.objc; path = CKAlertViewController.m; sourceTree = "<group>"; };
		8DEBB6AF1F52FD9E00A33117 /* NBA-Bridging-Header.h */ = {isa = PBXFileReference; lastKnownFileType = sourcecode.c.h; path = "NBA-Bridging-Header.h"; sourceTree = "<group>"; };
/* End PBXFileReference section */

/* Begin PBXFrameworksBuildPhase section */
		8DBCA2D01F42D4E800D0B214 /* Frameworks */ = {
			isa = PBXFrameworksBuildPhase;
			buildActionMask = 2147483647;
			files = (
				4ABF1D82BADF558F29804B46 /* Pods_NBA.framework in Frameworks */,
			);
			runOnlyForDeploymentPostprocessing = 0;
		};
/* End PBXFrameworksBuildPhase section */

/* Begin PBXGroup section */
		8DBCA2CA1F42D4E800D0B214 = {
			isa = PBXGroup;
			children = (
				8DBCA2D51F42D4E800D0B214 /* NBA */,
				8DBCA2D41F42D4E800D0B214 /* Products */,
				AB83AE22B8B68E76199216D7 /* Pods */,
				AFB92682901BDCCECF12F959 /* Frameworks */,
			);
			sourceTree = "<group>";
		};
		8DBCA2D41F42D4E800D0B214 /* Products */ = {
			isa = PBXGroup;
			children = (
				8DBCA2D31F42D4E800D0B214 /* NBA.app */,
			);
			name = Products;
			sourceTree = "<group>";
		};
		8DBCA2D51F42D4E800D0B214 /* NBA */ = {
			isa = PBXGroup;
			children = (
				8DEBB6AA1F52FB9E00A33117 /* Vender */,
				8DEBB6981F52A38400A33117 /* Classes */,
				8DEBB6851F52A34F00A33117 /* Support */,
			);
			path = NBA;
			sourceTree = "<group>";
		};
		8DEBB6851F52A34F00A33117 /* Support */ = {
			isa = PBXGroup;
			children = (
				8DEBB6AF1F52FD9E00A33117 /* NBA-Bridging-Header.h */,
				8DEBB6861F52A34F00A33117 /* AppDelegate.swift */,
				8DEBB6871F52A34F00A33117 /* Assets.xcassets */,
				8DEBB6881F52A34F00A33117 /* LaunchScreen.storyboard */,
				8DEBB68A1F52A34F00A33117 /* Main.storyboard */,
				8DEBB68C1F52A34F00A33117 /* Info.plist */,
				8DEBB6A81F52B27600A33117 /* Team_Logo.json */,
			);
			path = Support;
			sourceTree = "<group>";
		};
		8DEBB6981F52A38400A33117 /* Classes */ = {
			isa = PBXGroup;
			children = (
				8DEBB6991F52A38400A33117 /* Controller */,
				8DEBB69C1F52A38400A33117 /* Model */,
				8DEBB69F1F52A38400A33117 /* View */,
			);
			path = Classes;
			sourceTree = "<group>";
		};
		8DEBB6991F52A38400A33117 /* Controller */ = {
			isa = PBXGroup;
			children = (
				8DEBB69A1F52A38400A33117 /* NBATeamScheduleTableViewController.swift */,
				8DEBB69B1F52A38400A33117 /* NBATeamsTableViewController.swift */,
			);
			path = Controller;
			sourceTree = "<group>";
		};
		8DEBB69C1F52A38400A33117 /* Model */ = {
			isa = PBXGroup;
			children = (
				8DEBB69D1F52A38400A33117 /* Game.swift */,
				8DEBB69E1F52A38400A33117 /* Team.swift */,
			);
			path = Model;
			sourceTree = "<group>";
		};
		8DEBB69F1F52A38400A33117 /* View */ = {
			isa = PBXGroup;
			children = (
				8DEBB6A01F52A38400A33117 /* GameTableViewCell.swift */,
				8DEBB6A11F52A38400A33117 /* GameTableViewCell.xib */,
			);
			path = View;
			sourceTree = "<group>";
		};
		8DEBB6AA1F52FB9E00A33117 /* Vender */ = {
			isa = PBXGroup;
			children = (
				8DEBB6AC1F52FBB000A33117 /* CKAlertViewController.h */,
				8DEBB6AD1F52FBB000A33117 /* CKAlertViewController.m */,
			);
			path = Vender;
			sourceTree = "<group>";
		};
		AB83AE22B8B68E76199216D7 /* Pods */ = {
			isa = PBXGroup;
			children = (
				52D0ED7BF6A9EA113F513CFB /* Pods-NBA.debug.xcconfig */,
				4C4B5F316B506EDEEA193366 /* Pods-NBA.release.xcconfig */,
			);
			name = Pods;
			sourceTree = "<group>";
		};
		AFB92682901BDCCECF12F959 /* Frameworks */ = {
			isa = PBXGroup;
			children = (
				69E0124AE16140D9D91E5095 /* Pods_NBA.framework */,
			);
			name = Frameworks;
			sourceTree = "<group>";
		};
/* End PBXGroup section */

/* Begin PBXNativeTarget section */
		8DBCA2D21F42D4E800D0B214 /* NBA */ = {
			isa = PBXNativeTarget;
			buildConfigurationList = 8DBCA2E51F42D4E800D0B214 /* Build configuration list for PBXNativeTarget "NBA" */;
			buildPhases = (
				9BC8FD3A6BBC934B549C9DB9 /* [CP] Check Pods Manifest.lock */,
				8DBCA2CF1F42D4E800D0B214 /* Sources */,
				8DBCA2D01F42D4E800D0B214 /* Frameworks */,
				8DBCA2D11F42D4E800D0B214 /* Resources */,
				3103465B66FFAC184E4C389C /* [CP] Embed Pods Frameworks */,
				E813A0CD7050C6E2F537DB94 /* [CP] Copy Pods Resources */,
			);
			buildRules = (
			);
			dependencies = (
			);
			name = NBA;
			productName = NBA;
			productReference = 8DBCA2D31F42D4E800D0B214 /* NBA.app */;
			productType = "com.apple.product-type.application";
		};
/* End PBXNativeTarget section */

/* Begin PBXProject section */
		8DBCA2CB1F42D4E800D0B214 /* Project object */ = {
			isa = PBXProject;
			attributes = {
				LastSwiftUpdateCheck = 0830;
				LastUpgradeCheck = 0830;
				ORGANIZATIONNAME = "奇哥Dodge";
				TargetAttributes = {
					8DBCA2D21F42D4E800D0B214 = {
						CreatedOnToolsVersion = 8.3;
						DevelopmentTeam = LE62BULYDB;
						LastSwiftMigration = 0830;
						ProvisioningStyle = Automatic;
					};
				};
			};
			buildConfigurationList = 8DBCA2CE1F42D4E800D0B214 /* Build configuration list for PBXProject "NBA" */;
			compatibilityVersion = "Xcode 3.2";
			developmentRegion = English;
			hasScannedForEncodings = 0;
			knownRegions = (
				en,
				Base,
			);
			mainGroup = 8DBCA2CA1F42D4E800D0B214;
			productRefGroup = 8DBCA2D41F42D4E800D0B214 /* Products */;
			projectDirPath = "";
			projectRoot = "";
			targets = (
				8DBCA2D21F42D4E800D0B214 /* NBA */,
			);
		};
/* End PBXProject section */

/* Begin PBXResourcesBuildPhase section */
		8DBCA2D11F42D4E800D0B214 /* Resources */ = {
			isa = PBXResourcesBuildPhase;
			buildActionMask = 2147483647;
			files = (
				8DEBB6A91F52B27600A33117 /* Team_Logo.json in Resources */,
				8DEBB6951F52A34F00A33117 /* LaunchScreen.storyboard in Resources */,
				8DEBB6A71F52A38400A33117 /* GameTableViewCell.xib in Resources */,
				8DEBB6941F52A34F00A33117 /* Assets.xcassets in Resources */,
				8DEBB6971F52A34F00A33117 /* Info.plist in Resources */,
				8DEBB6961F52A34F00A33117 /* Main.storyboard in Resources */,
			);
			runOnlyForDeploymentPostprocessing = 0;
		};
/* End PBXResourcesBuildPhase section */

/* Begin PBXShellScriptBuildPhase section */
		3103465B66FFAC184E4C389C /* [CP] Embed Pods Frameworks */ = {
			isa = PBXShellScriptBuildPhase;
			buildActionMask = 2147483647;
			files = (
			);
			inputPaths = (
			);
			name = "[CP] Embed Pods Frameworks";
			outputPaths = (
			);
			runOnlyForDeploymentPostprocessing = 0;
			shellPath = /bin/sh;
			shellScript = "\"${SRCROOT}/Pods/Target Support Files/Pods-NBA/Pods-NBA-frameworks.sh\"\n";
			showEnvVarsInLog = 0;
		};
		9BC8FD3A6BBC934B549C9DB9 /* [CP] Check Pods Manifest.lock */ = {
			isa = PBXShellScriptBuildPhase;
			buildActionMask = 2147483647;
			files = (
			);
			inputPaths = (
			);
			name = "[CP] Check Pods Manifest.lock";
			outputPaths = (
			);
			runOnlyForDeploymentPostprocessing = 0;
			shellPath = /bin/sh;
			shellScript = "diff \"${PODS_ROOT}/../Podfile.lock\" \"${PODS_ROOT}/Manifest.lock\" > /dev/null\nif [ $? != 0 ] ; then\n    # print error to STDERR\n    echo \"error: The sandbox is not in sync with the Podfile.lock. Run 'pod install' or update your CocoaPods installation.\" >&2\n    exit 1\nfi\n";
			showEnvVarsInLog = 0;
		};
		E813A0CD7050C6E2F537DB94 /* [CP] Copy Pods Resources */ = {
			isa = PBXShellScriptBuildPhase;
			buildActionMask = 2147483647;
			files = (
			);
			inputPaths = (
			);
			name = "[CP] Copy Pods Resources";
			outputPaths = (
			);
			runOnlyForDeploymentPostprocessing = 0;
			shellPath = /bin/sh;
			shellScript = "\"${SRCROOT}/Pods/Target Support Files/Pods-NBA/Pods-NBA-resources.sh\"\n";
			showEnvVarsInLog = 0;
		};
/* End PBXShellScriptBuildPhase section */

/* Begin PBXSourcesBuildPhase section */
		8DBCA2CF1F42D4E800D0B214 /* Sources */ = {
			isa = PBXSourcesBuildPhase;
			buildActionMask = 2147483647;
			files = (
				8DEBB6931F52A34F00A33117 /* AppDelegate.swift in Sources */,
				8DEBB6A31F52A38400A33117 /* NBATeamsTableViewController.swift in Sources */,
				8DEBB6A21F52A38400A33117 /* NBATeamScheduleTableViewController.swift in Sources */,
				8DEBB6AE1F52FBB000A33117 /* CKAlertViewController.m in Sources */,
				8DEBB6A51F52A38400A33117 /* Team.swift in Sources */,
				8DEBB6A41F52A38400A33117 /* Game.swift in Sources */,
				8DEBB6A61F52A38400A33117 /* GameTableViewCell.swift in Sources */,
			);
			runOnlyForDeploymentPostprocessing = 0;
		};
/* End PBXSourcesBuildPhase section */

/* Begin PBXVariantGroup section */
		8DEBB6881F52A34F00A33117 /* LaunchScreen.storyboard */ = {
			isa = PBXVariantGroup;
			children = (
				8DEBB6891F52A34F00A33117 /* Base */,
			);
			name = LaunchScreen.storyboard;
			sourceTree = "<group>";
		};
		8DEBB68A1F52A34F00A33117 /* Main.storyboard */ = {
			isa = PBXVariantGroup;
			children = (
				8DEBB68B1F52A34F00A33117 /* Base */,
			);
			name = Main.storyboard;
			sourceTree = "<group>";
		};
/* End PBXVariantGroup section */

/* Begin XCBuildConfiguration section */
		8DBCA2E31F42D4E800D0B214 /* Debug */ = {
			isa = XCBuildConfiguration;
			buildSettings = {
				ALWAYS_SEARCH_USER_PATHS = NO;
				CLANG_ANALYZER_NONNULL = YES;
				CLANG_ANALYZER_NUMBER_OBJECT_CONVERSION = YES_AGGRESSIVE;
				CLANG_CXX_LANGUAGE_STANDARD = "gnu++0x";
				CLANG_CXX_LIBRARY = "libc++";
				CLANG_ENABLE_MODULES = YES;
				CLANG_ENABLE_OBJC_ARC = YES;
				CLANG_WARN_BOOL_CONVERSION = YES;
				CLANG_WARN_CONSTANT_CONVERSION = YES;
				CLANG_WARN_DIRECT_OBJC_ISA_USAGE = YES_ERROR;
				CLANG_WARN_DOCUMENTATION_COMMENTS = YES;
				CLANG_WARN_EMPTY_BODY = YES;
				CLANG_WARN_ENUM_CONVERSION = YES;
				CLANG_WARN_INFINITE_RECURSION = YES;
				CLANG_WARN_INT_CONVERSION = YES;
				CLANG_WARN_OBJC_ROOT_CLASS = YES_ERROR;
				CLANG_WARN_SUSPICIOUS_MOVE = YES;
				CLANG_WARN_UNREACHABLE_CODE = YES;
				CLANG_WARN__DUPLICATE_METHOD_MATCH = YES;
				"CODE_SIGN_IDENTITY[sdk=iphoneos*]" = "iPhone Developer";
				COPY_PHASE_STRIP = NO;
				DEBUG_INFORMATION_FORMAT = dwarf;
				ENABLE_STRICT_OBJC_MSGSEND = YES;
				ENABLE_TESTABILITY = YES;
				GCC_C_LANGUAGE_STANDARD = gnu99;
				GCC_DYNAMIC_NO_PIC = NO;
				GCC_NO_COMMON_BLOCKS = YES;
				GCC_OPTIMIZATION_LEVEL = 0;
				GCC_PREPROCESSOR_DEFINITIONS = (
					"DEBUG=1",
					"$(inherited)",
				);
				GCC_WARN_64_TO_32_BIT_CONVERSION = YES;
				GCC_WARN_ABOUT_RETURN_TYPE = YES_ERROR;
				GCC_WARN_UNDECLARED_SELECTOR = YES;
				GCC_WARN_UNINITIALIZED_AUTOS = YES_AGGRESSIVE;
				GCC_WARN_UNUSED_FUNCTION = YES;
				GCC_WARN_UNUSED_VARIABLE = YES;
				IPHONEOS_DEPLOYMENT_TARGET = 10.3;
				MTL_ENABLE_DEBUG_INFO = YES;
				ONLY_ACTIVE_ARCH = YES;
				SDKROOT = iphoneos;
				SWIFT_ACTIVE_COMPILATION_CONDITIONS = DEBUG;
				SWIFT_OPTIMIZATION_LEVEL = "-Onone";
			};
			name = Debug;
		};
		8DBCA2E41F42D4E800D0B214 /* Release */ = {
			isa = XCBuildConfiguration;
			buildSettings = {
				ALWAYS_SEARCH_USER_PATHS = NO;
				CLANG_ANALYZER_NONNULL = YES;
				CLANG_ANALYZER_NUMBER_OBJECT_CONVERSION = YES_AGGRESSIVE;
				CLANG_CXX_LANGUAGE_STANDARD = "gnu++0x";
				CLANG_CXX_LIBRARY = "libc++";
				CLANG_ENABLE_MODULES = YES;
				CLANG_ENABLE_OBJC_ARC = YES;
				CLANG_WARN_BOOL_CONVERSION = YES;
				CLANG_WARN_CONSTANT_CONVERSION = YES;
				CLANG_WARN_DIRECT_OBJC_ISA_USAGE = YES_ERROR;
				CLANG_WARN_DOCUMENTATION_COMMENTS = YES;
				CLANG_WARN_EMPTY_BODY = YES;
				CLANG_WARN_ENUM_CONVERSION = YES;
				CLANG_WARN_INFINITE_RECURSION = YES;
				CLANG_WARN_INT_CONVERSION = YES;
				CLANG_WARN_OBJC_ROOT_CLASS = YES_ERROR;
				CLANG_WARN_SUSPICIOUS_MOVE = YES;
				CLANG_WARN_UNREACHABLE_CODE = YES;
				CLANG_WARN__DUPLICATE_METHOD_MATCH = YES;
				"CODE_SIGN_IDENTITY[sdk=iphoneos*]" = "iPhone Developer";
				COPY_PHASE_STRIP = NO;
				DEBUG_INFORMATION_FORMAT = "dwarf-with-dsym";
				ENABLE_NS_ASSERTIONS = NO;
				ENABLE_STRICT_OBJC_MSGSEND = YES;
				GCC_C_LANGUAGE_STANDARD = gnu99;
				GCC_NO_COMMON_BLOCKS = YES;
				GCC_WARN_64_TO_32_BIT_CONVERSION = YES;
				GCC_WARN_ABOUT_RETURN_TYPE = YES_ERROR;
				GCC_WARN_UNDECLARED_SELECTOR = YES;
				GCC_WARN_UNINITIALIZED_AUTOS = YES_AGGRESSIVE;
				GCC_WARN_UNUSED_FUNCTION = YES;
				GCC_WARN_UNUSED_VARIABLE = YES;
				IPHONEOS_DEPLOYMENT_TARGET = 10.3;
				MTL_ENABLE_DEBUG_INFO = NO;
				SDKROOT = iphoneos;
				SWIFT_OPTIMIZATION_LEVEL = "-Owholemodule";
				VALIDATE_PRODUCT = YES;
			};
			name = Release;
		};
		8DBCA2E61F42D4E800D0B214 /* Debug */ = {
			isa = XCBuildConfiguration;
			baseConfigurationReference = 52D0ED7BF6A9EA113F513CFB /* Pods-NBA.debug.xcconfig */;
			buildSettings = {
				ASSETCATALOG_COMPILER_APPICON_NAME = AppIcon;
				CLANG_ENABLE_MODULES = YES;
				DEFINES_MODULE = YES;
				DEVELOPMENT_TEAM = LE62BULYDB;
				INFOPLIST_FILE = NBA/Support/Info.plist;
				LD_RUNPATH_SEARCH_PATHS = "$(inherited) @executable_path/Frameworks";
				PRODUCT_BUNDLE_IDENTIFIER = hn.pds.dodge.NBA;
				PRODUCT_NAME = "$(TARGET_NAME)";
				SWIFT_OBJC_BRIDGING_HEADER = "NBA/Support/NBA-Bridging-Header.h";
				SWIFT_OPTIMIZATION_LEVEL = "-Onone";
				SWIFT_VERSION = 3.0;
			};
			name = Debug;
		};
		8DBCA2E71F42D4E800D0B214 /* Release */ = {
			isa = XCBuildConfiguration;
			baseConfigurationReference = 4C4B5F316B506EDEEA193366 /* Pods-NBA.release.xcconfig */;
			buildSettings = {
				ASSETCATALOG_COMPILER_APPICON_NAME = AppIcon;
				CLANG_ENABLE_MODULES = YES;
				DEFINES_MODULE = YES;
				DEVELOPMENT_TEAM = LE62BULYDB;
				INFOPLIST_FILE = NBA/Support/Info.plist;
				LD_RUNPATH_SEARCH_PATHS = "$(inherited) @executable_path/Frameworks";
				PRODUCT_BUNDLE_IDENTIFIER = hn.pds.dodge.NBA;
				PRODUCT_NAME = "$(TARGET_NAME)";
				SWIFT_OBJC_BRIDGING_HEADER = "NBA/Support/NBA-Bridging-Header.h";
				SWIFT_VERSION = 3.0;
			};
			name = Release;
		};
/* End XCBuildConfiguration section */

/* Begin XCConfigurationList section */
		8DBCA2CE1F42D4E800D0B214 /* Build configuration list for PBXProject "NBA" */ = {
			isa = XCConfigurationList;
			buildConfigurations = (
				8DBCA2E31F42D4E800D0B214 /* Debug */,
				8DBCA2E41F42D4E800D0B214 /* Release */,
			);
			defaultConfigurationIsVisible = 0;
			defaultConfigurationName = Release;
		};
		8DBCA2E51F42D4E800D0B214 /* Build configuration list for PBXNativeTarget "NBA" */ = {
			isa = XCConfigurationList;
			buildConfigurations = (
				8DBCA2E61F42D4E800D0B214 /* Debug */,
				8DBCA2E71F42D4E800D0B214 /* Release */,
			);
			defaultConfigurationIsVisible = 0;
			defaultConfigurationName = Release;
		};
/* End XCConfigurationList section */
	};
	rootObject = 8DBCA2CB1F42D4E800D0B214 /* Project object */;
}
